
Microsoft Visual Studio Solution File, Format Version 12.00
# Visual Studio Version 16
Project("{8BC9CEB8-8B4A-11D0-8D11-00A0C91BC942}") = "ALL_BUILD", "ALL_BUILD.vcxproj", "{5173F3C6-9B91-367F-BEDA-A291DF42FAA2}"
	ProjectSection(ProjectDependencies) = postProject
		{A33F203D-E93C-35D4-8AF9-32553A74C276} = {A33F203D-E93C-35D4-8AF9-32553A74C276}
		{A0C90B7B-1FE3-336E-8BDC-07869004992D} = {A0C90B7B-1FE3-336E-8BDC-07869004992D}
	EndProjectSection
EndProject
Project("{8BC9CEB8-8B4A-11D0-8D11-00A0C91BC942}") = "TCPServerMSVSCMake", "TCPServerMSVSCMake.vcxproj", "{A33F203D-E93C-35D4-8AF9-32553A74C276}"
	ProjectSection(ProjectDependencies) = postProject
		{A0C90B7B-1FE3-336E-8BDC-07869004992D} = {A0C90B7B-1FE3-336E-8BDC-07869004992D}
	EndProjectSection
EndProject
Project("{8BC9CEB8-8B4A-11D0-8D11-00A0C91BC942}") = "ZERO_CHECK", "ZERO_CHECK.vcxproj", "{A0C90B7B-1FE3-336E-8BDC-07869004992D}"
	ProjectSection(ProjectDependencies) = postProject
	EndProjectSection
EndProject
Global
	GlobalSection(SolutionConfigurationPlatforms) = preSolution
		Debug|x64 = Debug|x64
		Release|x64 = Release|x64
		MinSizeRel|x64 = MinSizeRel|x64
		RelWithDebInfo|x64 = RelWithDebInfo|x64
	EndGlobalSection
	GlobalSection(ProjectConfigurationPlatforms) = postSolution
		{5173F3C6-9B91-367F-BEDA-A291DF42FAA2}.Debug|x64.ActiveCfg = Debug|x64
		{5173F3C6-9B91-367F-BEDA-A291DF42FAA2}.Release|x64.ActiveCfg = Release|x64
		{5173F3C6-9B91-367F-BEDA-A291DF42FAA2}.MinSizeRel|x64.ActiveCfg = MinSizeRel|x64
		{5173F3C6-9B91-367F-BEDA-A291DF42FAA2}.RelWithDebInfo|x64.ActiveCfg = RelWithDebInfo|x64
		{A33F203D-E93C-35D4-8AF9-32553A74C276}.Debug|x64.ActiveCfg = Debug|x64
		{A33F203D-E93C-35D4-8AF9-32553A74C276}.Debug|x64.Build.0 = Debug|x64
		{A33F203D-E93C-35D4-8AF9-32553A74C276}.Release|x64.ActiveCfg = Release|x64
		{A33F203D-E93C-35D4-8AF9-32553A74C276}.Release|x64.Build.0 = Release|x64
		{A33F203D-E93C-35D4-8AF9-32553A74C276}.MinSizeRel|x64.ActiveCfg = MinSizeRel|x64
		{A33F203D-E93C-35D4-8AF9-32553A74C276}.MinSizeRel|x64.Build.0 = MinSizeRel|x64
		{A33F203D-E93C-35D4-8AF9-32553A74C276}.RelWithDebInfo|x64.ActiveCfg = RelWithDebInfo|x64
		{A33F203D-E93C-35D4-8AF9-32553A74C276}.RelWithDebInfo|x64.Build.0 = RelWithDebInfo|x64
		{A0C90B7B-1FE3-336E-8BDC-07869004992D}.Debug|x64.ActiveCfg = Debug|x64
		{A0C90B7B-1FE3-336E-8BDC-07869004992D}.Debug|x64.Build.0 = Debug|x64
		{A0C90B7B-1FE3-336E-8BDC-07869004992D}.Release|x64.ActiveCfg = Release|x64
		{A0C90B7B-1FE3-336E-8BDC-07869004992D}.Release|x64.Build.0 = Release|x64
		{A0C90B7B-1FE3-336E-8BDC-07869004992D}.MinSizeRel|x64.ActiveCfg = MinSizeRel|x64
		{A0C90B7B-1FE3-336E-8BDC-07869004992D}.MinSizeRel|x64.Build.0 = MinSizeRel|x64
		{A0C90B7B-1FE3-336E-8BDC-07869004992D}.RelWithDebInfo|x64.ActiveCfg = RelWithDebInfo|x64
		{A0C90B7B-1FE3-336E-8BDC-07869004992D}.RelWithDebInfo|x64.Build.0 = RelWithDebInfo|x64
	EndGlobalSection
	GlobalSection(ExtensibilityGlobals) = postSolution
		SolutionGuid = {13332D73-3A98-32DE-97EA-44DFFB3E54C1}
	EndGlobalSection
	GlobalSection(ExtensibilityAddIns) = postSolution
	EndGlobalSection
EndGlobal
