<?xml version="1.0" encoding="utf-8"?>
<Project ToolsVersion="16.0" xmlns="http://schemas.microsoft.com/developer/msbuild/2003">
  <ItemGroup>
    <CustomBuild Include="C:\Users\drhaz\source\repos\BeerenBubbleGume\TCPServerMSVSCMake\TCPServerMSVSCMake\testbuild\CMakeFiles\cc19e878043f720247480c4377feddd6\generate.stamp.rule">
      <Filter>CMake Rules</Filter>
    </CustomBuild>
  </ItemGroup>
  <ItemGroup>
    <Filter Include="CMake Rules">
      <UniqueIdentifier>{08DE52BE-87C8-337B-89D6-2070E4D412A7}</UniqueIdentifier>
    </Filter>
  </ItemGroup>
</Project>
