
Microsoft Visual Studio Solution File, Format Version 12.00
# Visual Studio Version 17
Project("{8BC9CEB8-8B4A-11D0-8D11-00A0C91BC942}") = "ALL_BUILD", "ALL_BUILD.vcxproj", "{9CC0ACBC-FA7D-3522-BDFD-2ADD0F24213E}"
	ProjectSection(ProjectDependencies) = postProject
		{F20EEC08-4734-33D9-8E1E-97648A639DF1} = {F20EEC08-4734-33D9-8E1E-97648A639DF1}
		{84059985-162A-36A7-A58C-3AA230709159} = {84059985-162A-36A7-A58C-3AA230709159}
	EndProjectSection
EndProject
Project("{8BC9CEB8-8B4A-11D0-8D11-00A0C91BC942}") = "TCPServerMSVSCMake", "TCPServerMSVSCMake.vcxproj", "{F20EEC08-4734-33D9-8E1E-97648A639DF1}"
	ProjectSection(ProjectDependencies) = postProject
		{84059985-162A-36A7-A58C-3AA230709159} = {84059985-162A-36A7-A58C-3AA230709159}
	EndProjectSection
EndProject
Project("{8BC9CEB8-8B4A-11D0-8D11-00A0C91BC942}") = "ZERO_CHECK", "ZERO_CHECK.vcxproj", "{84059985-162A-36A7-A58C-3AA230709159}"
	ProjectSection(ProjectDependencies) = postProject
	EndProjectSection
EndProject
Global
	GlobalSection(SolutionConfigurationPlatforms) = preSolution
		Debug|x64 = Debug|x64
		Release|x64 = Release|x64
		MinSizeRel|x64 = MinSizeRel|x64
		RelWithDebInfo|x64 = RelWithDebInfo|x64
	EndGlobalSection
	GlobalSection(ProjectConfigurationPlatforms) = postSolution
		{9CC0ACBC-FA7D-3522-BDFD-2ADD0F24213E}.Debug|x64.ActiveCfg = Debug|x64
		{9CC0ACBC-FA7D-3522-BDFD-2ADD0F24213E}.Release|x64.ActiveCfg = Release|x64
		{9CC0ACBC-FA7D-3522-BDFD-2ADD0F24213E}.MinSizeRel|x64.ActiveCfg = MinSizeRel|x64
		{9CC0ACBC-FA7D-3522-BDFD-2ADD0F24213E}.RelWithDebInfo|x64.ActiveCfg = RelWithDebInfo|x64
		{F20EEC08-4734-33D9-8E1E-97648A639DF1}.Debug|x64.ActiveCfg = Debug|x64
		{F20EEC08-4734-33D9-8E1E-97648A639DF1}.Debug|x64.Build.0 = Debug|x64
		{F20EEC08-4734-33D9-8E1E-97648A639DF1}.Release|x64.ActiveCfg = Release|x64
		{F20EEC08-4734-33D9-8E1E-97648A639DF1}.Release|x64.Build.0 = Release|x64
		{F20EEC08-4734-33D9-8E1E-97648A639DF1}.MinSizeRel|x64.ActiveCfg = MinSizeRel|x64
		{F20EEC08-4734-33D9-8E1E-97648A639DF1}.MinSizeRel|x64.Build.0 = MinSizeRel|x64
		{F20EEC08-4734-33D9-8E1E-97648A639DF1}.RelWithDebInfo|x64.ActiveCfg = RelWithDebInfo|x64
		{F20EEC08-4734-33D9-8E1E-97648A639DF1}.RelWithDebInfo|x64.Build.0 = RelWithDebInfo|x64
		{84059985-162A-36A7-A58C-3AA230709159}.Debug|x64.ActiveCfg = Debug|x64
		{84059985-162A-36A7-A58C-3AA230709159}.Debug|x64.Build.0 = Debug|x64
		{84059985-162A-36A7-A58C-3AA230709159}.Release|x64.ActiveCfg = Release|x64
		{84059985-162A-36A7-A58C-3AA230709159}.Release|x64.Build.0 = Release|x64
		{84059985-162A-36A7-A58C-3AA230709159}.MinSizeRel|x64.ActiveCfg = MinSizeRel|x64
		{84059985-162A-36A7-A58C-3AA230709159}.MinSizeRel|x64.Build.0 = MinSizeRel|x64
		{84059985-162A-36A7-A58C-3AA230709159}.RelWithDebInfo|x64.ActiveCfg = RelWithDebInfo|x64
		{84059985-162A-36A7-A58C-3AA230709159}.RelWithDebInfo|x64.Build.0 = RelWithDebInfo|x64
	EndGlobalSection
	GlobalSection(ExtensibilityGlobals) = postSolution
		SolutionGuid = {7035C8C9-AE4C-3264-937B-3C5E9E8B2205}
	EndGlobalSection
	GlobalSection(ExtensibilityAddIns) = postSolution
	EndGlobalSection
EndGlobal
